
Microsoft Visual Studio Solution File, Format Version 12.00
# Visual Studio Version 17
VisualStudioVersion = 17.14.37216.2 d17.14
MinimumVisualStudioVersion = 10.0.40219.1
Project("{FAE04EC0-301F-11D3-BF4B-00C04F79EFBC}") = "HuellasDeEsperanza", "HuellasDeEsperanza\HuellasDeEsperanza.csproj", "{51A66C31-82D3-428F-BE47-AB995573B38E}"
EndProject
Global
	GlobalSection(SolutionConfigurationPlatforms) = preSolution
		Debug|Any CPU = Debug|Any CPU
		Release|Any CPU = Release|Any CPU
	EndGlobalSection
	GlobalSection(ProjectConfigurationPlatforms) = postSolution
		{51A66C31-82D3-428F-BE47-AB995573B38E}.Debug|Any CPU.ActiveCfg = Debug|Any CPU
		{51A66C31-82D3-428F-BE47-AB995573B38E}.Debug|Any CPU.Build.0 = Debug|Any CPU
		{51A66C31-82D3-428F-BE47-AB995573B38E}.Release|Any CPU.ActiveCfg = Release|Any CPU
		{51A66C31-82D3-428F-BE47-AB995573B38E}.Release|Any CPU.Build.0 = Release|Any CPU
	EndGlobalSection
	GlobalSection(SolutionProperties) = preSolution
		HideSolutionNode = FALSE
	EndGlobalSection
	GlobalSection(ExtensibilityGlobals) = postSolution
		SolutionGuid = {98A07530-20CE-4154-9F1A-9E767798A483}
	EndGlobalSection
EndGlobal
